
Microsoft Visual Studio Solution File, Format Version 12.00
# Visual Studio Version 16
VisualStudioVersion = 16.0.28922.388
MinimumVisualStudioVersion = 10.0.40219.1
Project("{FAE04EC0-301F-11D3-BF4B-00C04F79EFBC}") = "SeleniumLectures", "UnitTestProject1\SeleniumLectures.csproj", "{3352D87F-4E78-460E-9794-D6E33FDB5F20}"
EndProject
Global
	GlobalSection(SolutionConfigurationPlatforms) = preSolution
		Debug|Any CPU = Debug|Any CPU
		Release|Any CPU = Release|Any CPU
	EndGlobalSection
	GlobalSection(ProjectConfigurationPlatforms) = postSolution
		{3352D87F-4E78-460E-9794-D6E33FDB5F20}.Debug|Any CPU.ActiveCfg = Debug|Any CPU
		{3352D87F-4E78-460E-9794-D6E33FDB5F20}.Debug|Any CPU.Build.0 = Debug|Any CPU
		{3352D87F-4E78-460E-9794-D6E33FDB5F20}.Release|Any CPU.ActiveCfg = Release|Any CPU
		{3352D87F-4E78-460E-9794-D6E33FDB5F20}.Release|Any CPU.Build.0 = Release|Any CPU
	EndGlobalSection
	GlobalSection(SolutionProperties) = preSolution
		HideSolutionNode = FALSE
	EndGlobalSection
	GlobalSection(ExtensibilityGlobals) = postSolution
		SolutionGuid = {BFC0744E-4C50-41AB-9874-F567A482DE68}
	EndGlobalSection
EndGlobal
